
Microsoft Visual Studio Solution File, Format Version 12.00
# Visual Studio Version 17
VisualStudioVersion = 17.9.34607.119
MinimumVisualStudioVersion = 10.0.40219.1
Project("{FAE04EC0-301F-11D3-BF4B-00C04F79EFBC}") = "GorselKarsilastirma", "GorselKarsilastirma\GorselKarsilastirma.csproj", "{74892C40-D2B1-4251-8220-ECF0696390F7}"
EndProject
Global
	GlobalSection(SolutionConfigurationPlatforms) = preSolution
		Debug|Any CPU = Debug|Any CPU
		Release|Any CPU = Release|Any CPU
	EndGlobalSection
	GlobalSection(ProjectConfigurationPlatforms) = postSolution
		{74892C40-D2B1-4251-8220-ECF0696390F7}.Debug|Any CPU.ActiveCfg = Debug|Any CPU
		{74892C40-D2B1-4251-8220-ECF0696390F7}.Debug|Any CPU.Build.0 = Debug|Any CPU
		{74892C40-D2B1-4251-8220-ECF0696390F7}.Release|Any CPU.ActiveCfg = Release|Any CPU
		{74892C40-D2B1-4251-8220-ECF0696390F7}.Release|Any CPU.Build.0 = Release|Any CPU
	EndGlobalSection
	GlobalSection(SolutionProperties) = preSolution
		HideSolutionNode = FALSE
	EndGlobalSection
	GlobalSection(ExtensibilityGlobals) = postSolution
		SolutionGuid = {916DA1DF-F351-464E-8E79-F3B24E9C68F8}
	EndGlobalSection
EndGlobal
